git.wntrmute.dev/kyle/goutils v1.7.4 h1:kbvUoxRwAEemz4jL52AUKaOipuCX8F8PGTQHS5V3lRY=
git.wntrmute.dev/kyle/goutils v1.7.4/go.mod h1:1PGn83Ac98KWyI6yfpCVyP1Ji61PX6lFpROxY+IoTJg=
git.wntrmute.dev/kyle/goutils v1.7.6-0.20240520035135-4cb6f5b6f069 h1:nAHcEVpqpr+CWlgRl4K7+zOL5Qxg0R8OSw0Yo9saEK0=
git.wntrmute.dev/kyle/goutils v1.7.6-0.20240520035135-4cb6f5b6f069/go.mod h1:1PGn83Ac98KWyI6yfpCVyP1Ji61PX6lFpROxY+IoTJg=
github.com/davecgh/go-spew v1.1.1 h1:vj9j/u1bqnvCEfJOwUhtlOARqs3+rkHYY13jYWTU97c=
github.com/davecgh/go-spew v1.1.1/go.mod h1:J7Y8YcW2NihsgmVo/mv3lAwl/skON4iLHjSsI+c5H38=
github.com/hashicorp/go-syslog v1.0.0 h1:KaodqZuhUoZereWVIYmpUgZysurB1kBLX2j0MwMrUAE=
github.com/hashicorp/go-syslog v1.0.0/go.mod h1:qPfqrKkXGihmCqbJM2mZgkZGvKG1dFdvsLplgctolz4=
github.com/pkg/errors v0.9.1 h1:FEBLx1zS214owpjy7qsBeixbURkuhQAwrK5UwLGTwt4=
github.com/pkg/errors v0.9.1/go.mod h1:bwawxfHBFNV+L2hUp1rHADufV3IMtnDRdf1r5NINEl0=
golang.org/x/sys v0.0.0-20220412211240-33da011f77ad h1:ntjMns5wyP/fN65tdBD4g8J5w8n015+iIIs9rtjXkY0=
golang.org/x/sys v0.0.0-20220412211240-33da011f77ad/go.mod h1:oPkhp1MJrh7nUepCBck5+mAzfO9JrbApNNgaTdGDITg=
